Microsoft Visual Studio Solution File, Format Version 12.00
# Visual Studio Version 17
VisualStudioVersion = 17.5.2.0
MinimumVisualStudioVersion = 10.0.40219.1
Project("{FAE04EC0-301F-11D3-BF4B-00C04F79EFBC}") = "AssetTracker", "AssetTracker.csproj", "{0790DFC1-3C43-612C-B632-522E8CD36559}"
EndProject
Global
	GlobalSection(SolutionConfigurationPlatforms) = preSolution
		Debug|Any CPU = Debug|Any CPU
		Release|Any CPU = Release|Any CPU
	EndGlobalSection
	GlobalSection(ProjectConfigurationPlatforms) = postSolution
		{0790DFC1-3C43-612C-B632-522E8CD36559}.Debug|Any CPU.ActiveCfg = Debug|Any CPU
		{0790DFC1-3C43-612C-B632-522E8CD36559}.Debug|Any CPU.Build.0 = Debug|Any CPU
		{0790DFC1-3C43-612C-B632-522E8CD36559}.Release|Any CPU.ActiveCfg = Release|Any CPU
		{0790DFC1-3C43-612C-B632-522E8CD36559}.Release|Any CPU.Build.0 = Release|Any CPU
	EndGlobalSection
	GlobalSection(SolutionProperties) = preSolution
		HideSolutionNode = FALSE
	EndGlobalSection
	GlobalSection(ExtensibilityGlobals) = postSolution
		SolutionGuid = {78C496D4-83E9-46EC-B4D0-C397D7524131}
	EndGlobalSection
EndGlobal
